
Microsoft Visual Studio Solution File, Format Version 12.00
# Visual Studio Version 17
VisualStudioVersion = 17.3.32922.545
MinimumVisualStudioVersion = 10.0.40219.1
Project("{FAE04EC0-301F-11D3-BF4B-00C04F79EFBC}") = "ÇicekProjesi", "ÇicekProjesi\ÇicekProjesi.csproj", "{761857E3-26B9-4C6A-B6EC-616179D74D5D}"
EndProject
Global
	GlobalSection(SolutionConfigurationPlatforms) = preSolution
		Debug|Any CPU = Debug|Any CPU
		Release|Any CPU = Release|Any CPU
	EndGlobalSection
	GlobalSection(ProjectConfigurationPlatforms) = postSolution
		{761857E3-26B9-4C6A-B6EC-616179D74D5D}.Debug|Any CPU.ActiveCfg = Debug|Any CPU
		{761857E3-26B9-4C6A-B6EC-616179D74D5D}.Debug|Any CPU.Build.0 = Debug|Any CPU
		{761857E3-26B9-4C6A-B6EC-616179D74D5D}.Release|Any CPU.ActiveCfg = Release|Any CPU
		{761857E3-26B9-4C6A-B6EC-616179D74D5D}.Release|Any CPU.Build.0 = Release|Any CPU
	EndGlobalSection
	GlobalSection(SolutionProperties) = preSolution
		HideSolutionNode = FALSE
	EndGlobalSection
	GlobalSection(ExtensibilityGlobals) = postSolution
		SolutionGuid = {E01B015E-7C24-42FD-A310-28A4423191E8}
	EndGlobalSection
EndGlobal
